// !$*UTF8*$!
{
	archiveVersion = 1;
	classes = {
	};
	objectVersion = 55;
	objects = {

/* Begin PBXBuildFile section */
		CD3C65F61DAB8E2A52FF0310 /* Pods_EmotionLine.framework in Frameworks */ = {isa = PBXBuildFile; fileRef = BA885DE938F09B7D835AC07A /* Pods_EmotionLine.framework */; };
		F234C8D22789881F00504FA4 /* AppDelegate.swift in Sources */ = {isa = PBXBuildFile; fileRef = F234C8D12789881F00504FA4 /* AppDelegate.swift */; };
		F234C8D42789881F00504FA4 /* SceneDelegate.swift in Sources */ = {isa = PBXBuildFile; fileRef = F234C8D32789881F00504FA4 /* SceneDelegate.swift */; };
		F234C8DB2789882000504FA4 /* Assets.xcassets in Resources */ = {isa = PBXBuildFile; fileRef = F234C8DA2789882000504FA4 /* Assets.xcassets */; };
		F234C8DE2789882000504FA4 /* LaunchScreen.storyboard in Resources */ = {isa = PBXBuildFile; fileRef = F234C8DC2789882000504FA4 /* LaunchScreen.storyboard */; };
		F234C8EC2789A02400504FA4 /* Diary.swift in Sources */ = {isa = PBXBuildFile; fileRef = F234C8EB2789A02400504FA4 /* Diary.swift */; };
		F234C8EE2789A02E00504FA4 /* User.swift in Sources */ = {isa = PBXBuildFile; fileRef = F234C8ED2789A02E00504FA4 /* User.swift */; };
		F234C8F12789A67200504FA4 /* Network.swift in Sources */ = {isa = PBXBuildFile; fileRef = F234C8F02789A67200504FA4 /* Network.swift */; };
		F234C9042789AB3200504FA4 /* SplashViewReactor.swift in Sources */ = {isa = PBXBuildFile; fileRef = F234C9022789AB3200504FA4 /* SplashViewReactor.swift */; };
		F234C9052789AB3200504FA4 /* SplashViewController.swift in Sources */ = {isa = PBXBuildFile; fileRef = F234C9032789AB3200504FA4 /* SplashViewController.swift */; };
		F234C9072789AE9B00504FA4 /* UserDefaultsService.swift in Sources */ = {isa = PBXBuildFile; fileRef = F234C9062789AE9B00504FA4 /* UserDefaultsService.swift */; };
		F234C90A2789B2A200504FA4 /* FeedViewReactor.swift in Sources */ = {isa = PBXBuildFile; fileRef = F234C9082789B2A200504FA4 /* FeedViewReactor.swift */; };
		F234C90B2789B2A200504FA4 /* FeedViewController.swift in Sources */ = {isa = PBXBuildFile; fileRef = F234C9092789B2A200504FA4 /* FeedViewController.swift */; };
		F234C90E2789B44500504FA4 /* LoginViewReactor.swift in Sources */ = {isa = PBXBuildFile; fileRef = F234C90C2789B44500504FA4 /* LoginViewReactor.swift */; };
		F234C90F2789B44500504FA4 /* LoginViewController.swift in Sources */ = {isa = PBXBuildFile; fileRef = F234C90D2789B44500504FA4 /* LoginViewController.swift */; };
		F234C9132789B64E00504FA4 /* RequestLoggingPlugin.swift in Sources */ = {isa = PBXBuildFile; fileRef = F234C9122789B64E00504FA4 /* RequestLoggingPlugin.swift */; };
		F234C9162789B67F00504FA4 /* EmotionLineAPI.swift in Sources */ = {isa = PBXBuildFile; fileRef = F234C9152789B67F00504FA4 /* EmotionLineAPI.swift */; };
		F275B3272789B6D200334301 /* BaseAPI.swift in Sources */ = {isa = PBXBuildFile; fileRef = F275B3262789B6D200334301 /* BaseAPI.swift */; };
		F275B3292789BD7E00334301 /* EmotionLineService.swift in Sources */ = {isa = PBXBuildFile; fileRef = F275B3282789BD7E00334301 /* EmotionLineService.swift */; };
		F275B32B2789DBDA00334301 /* Emotion.swift in Sources */ = {isa = PBXBuildFile; fileRef = F275B32A2789DBDA00334301 /* Emotion.swift */; };
		F275B32E2789DCBE00334301 /* IndicatorView.swift in Sources */ = {isa = PBXBuildFile; fileRef = F275B32D2789DCBE00334301 /* IndicatorView.swift */; };
/* End PBXBuildFile section */

/* Begin PBXFileReference section */
		0F111E59EB89F52513106A04 /* Pods-EmotionLine.debug.xcconfig */ = {isa = PBXFileReference; includeInIndex = 1; lastKnownFileType = text.xcconfig; name = "Pods-EmotionLine.debug.xcconfig"; path = "Target Support Files/Pods-EmotionLine/Pods-EmotionLine.debug.xcconfig"; sourceTree = "<group>"; };
		A42B4BAAD913FB6A740CC09D /* Pods-EmotionLine.release.xcconfig */ = {isa = PBXFileReference; includeInIndex = 1; lastKnownFileType = text.xcconfig; name = "Pods-EmotionLine.release.xcconfig"; path = "Target Support Files/Pods-EmotionLine/Pods-EmotionLine.release.xcconfig"; sourceTree = "<group>"; };
		BA885DE938F09B7D835AC07A /* Pods_EmotionLine.framework */ = {isa = PBXFileReference; explicitFileType = wrapper.framework; includeInIndex = 0; path = Pods_EmotionLine.framework; sourceTree = BUILT_PRODUCTS_DIR; };
		F234C8CE2789881F00504FA4 /* EmotionLine.app */ = {isa = PBXFileReference; explicitFileType = wrapper.application; includeInIndex = 0; path = EmotionLine.app; sourceTree = BUILT_PRODUCTS_DIR; };
		F234C8D12789881F00504FA4 /* AppDelegate.swift */ = {isa = PBXFileReference; lastKnownFileType = sourcecode.swift; path = AppDelegate.swift; sourceTree = "<group>"; };
		F234C8D32789881F00504FA4 /* SceneDelegate.swift */ = {isa = PBXFileReference; lastKnownFileType = sourcecode.swift; path = SceneDelegate.swift; sourceTree = "<group>"; };
		F234C8DA2789882000504FA4 /* Assets.xcassets */ = {isa = PBXFileReference; lastKnownFileType = folder.assetcatalog; path = Assets.xcassets; sourceTree = "<group>"; };
		F234C8DD2789882000504FA4 /* Base */ = {isa = PBXFileReference; lastKnownFileType = file.storyboard; name = Base; path = Base.lproj/LaunchScreen.storyboard; sourceTree = "<group>"; };
		F234C8DF2789882000504FA4 /* Info.plist */ = {isa = PBXFileReference; lastKnownFileType = text.plist.xml; path = Info.plist; sourceTree = "<group>"; };
		F234C8EB2789A02400504FA4 /* Diary.swift */ = {isa = PBXFileReference; lastKnownFileType = sourcecode.swift; path = Diary.swift; sourceTree = "<group>"; };
		F234C8ED2789A02E00504FA4 /* User.swift */ = {isa = PBXFileReference; lastKnownFileType = sourcecode.swift; path = User.swift; sourceTree = "<group>"; };
		F234C8F02789A67200504FA4 /* Network.swift */ = {isa = PBXFileReference; lastKnownFileType = sourcecode.swift; path = Network.swift; sourceTree = "<group>"; };
		F234C9022789AB3200504FA4 /* SplashViewReactor.swift */ = {isa = PBXFileReference; lastKnownFileType = sourcecode.swift; path = SplashViewReactor.swift; sourceTree = "<group>"; };
		F234C9032789AB3200504FA4 /* SplashViewController.swift */ = {isa = PBXFileReference; lastKnownFileType = sourcecode.swift; path = SplashViewController.swift; sourceTree = "<group>"; };
		F234C9062789AE9B00504FA4 /* UserDefaultsService.swift */ = {isa = PBXFileReference; lastKnownFileType = sourcecode.swift; path = UserDefaultsService.swift; sourceTree = "<group>"; };
		F234C9082789B2A200504FA4 /* FeedViewReactor.swift */ = {isa = PBXFileReference; lastKnownFileType = sourcecode.swift; path = FeedViewReactor.swift; sourceTree = "<group>"; };
		F234C9092789B2A200504FA4 /* FeedViewController.swift */ = {isa = PBXFileReference; lastKnownFileType = sourcecode.swift; path = FeedViewController.swift; sourceTree = "<group>"; };
		F234C90C2789B44500504FA4 /* LoginViewReactor.swift */ = {isa = PBXFileReference; lastKnownFileType = sourcecode.swift; path = LoginViewReactor.swift; sourceTree = "<group>"; };
		F234C90D2789B44500504FA4 /* LoginViewController.swift */ = {isa = PBXFileReference; lastKnownFileType = sourcecode.swift; path = LoginViewController.swift; sourceTree = "<group>"; };
		F234C9122789B64E00504FA4 /* RequestLoggingPlugin.swift */ = {isa = PBXFileReference; lastKnownFileType = sourcecode.swift; path = RequestLoggingPlugin.swift; sourceTree = "<group>"; };
		F234C9152789B67F00504FA4 /* EmotionLineAPI.swift */ = {isa = PBXFileReference; lastKnownFileType = sourcecode.swift; path = EmotionLineAPI.swift; sourceTree = "<group>"; };
		F275B3262789B6D200334301 /* BaseAPI.swift */ = {isa = PBXFileReference; lastKnownFileType = sourcecode.swift; path = BaseAPI.swift; sourceTree = "<group>"; };
		F275B3282789BD7E00334301 /* EmotionLineService.swift */ = {isa = PBXFileReference; lastKnownFileType = sourcecode.swift; path = EmotionLineService.swift; sourceTree = "<group>"; };
		F275B32A2789DBDA00334301 /* Emotion.swift */ = {isa = PBXFileReference; lastKnownFileType = sourcecode.swift; path = Emotion.swift; sourceTree = "<group>"; };
		F275B32D2789DCBE00334301 /* IndicatorView.swift */ = {isa = PBXFileReference; lastKnownFileType = sourcecode.swift; path = IndicatorView.swift; sourceTree = "<group>"; };
/* End PBXFileReference section */

/* Begin PBXFrameworksBuildPhase section */
		F234C8CB2789881F00504FA4 /* Frameworks */ = {
			isa = PBXFrameworksBuildPhase;
			buildActionMask = 2147483647;
			files = (
				CD3C65F61DAB8E2A52FF0310 /* Pods_EmotionLine.framework in Frameworks */,
			);
			runOnlyForDeploymentPostprocessing = 0;
		};
/* End PBXFrameworksBuildPhase section */

/* Begin PBXGroup section */
		404C40662CEDF423A827075B /* Frameworks */ = {
			isa = PBXGroup;
			children = (
				BA885DE938F09B7D835AC07A /* Pods_EmotionLine.framework */,
			);
			name = Frameworks;
			sourceTree = "<group>";
		};
		9A2D8FA7915ADFE0DE13B504 /* Pods */ = {
			isa = PBXGroup;
			children = (
				0F111E59EB89F52513106A04 /* Pods-EmotionLine.debug.xcconfig */,
				A42B4BAAD913FB6A740CC09D /* Pods-EmotionLine.release.xcconfig */,
			);
			path = Pods;
			sourceTree = "<group>";
		};
		F234C8C52789881F00504FA4 = {
			isa = PBXGroup;
			children = (
				F234C8D02789881F00504FA4 /* EmotionLine */,
				F234C8CF2789881F00504FA4 /* Products */,
				9A2D8FA7915ADFE0DE13B504 /* Pods */,
				404C40662CEDF423A827075B /* Frameworks */,
			);
			sourceTree = "<group>";
		};
		F234C8CF2789881F00504FA4 /* Products */ = {
			isa = PBXGroup;
			children = (
				F234C8CE2789881F00504FA4 /* EmotionLine.app */,
			);
			name = Products;
			sourceTree = "<group>";
		};
		F234C8D02789881F00504FA4 /* EmotionLine */ = {
			isa = PBXGroup;
			children = (
				F234C8DF2789882000504FA4 /* Info.plist */,
				F234C8DA2789882000504FA4 /* Assets.xcassets */,
				F234C8DC2789882000504FA4 /* LaunchScreen.storyboard */,
				F234C8D12789881F00504FA4 /* AppDelegate.swift */,
				F234C8D32789881F00504FA4 /* SceneDelegate.swift */,
				F234C8E627899EFB00504FA4 /* Entities */,
				F234C8EF2789A64900504FA4 /* Repository */,
				F234C8F22789A7A100504FA4 /* Services */,
				F234C8E527899EF400504FA4 /* Modules */,
				F275B32C2789DC9400334301 /* View */,
			);
			path = EmotionLine;
			sourceTree = "<group>";
		};
		F234C8E527899EF400504FA4 /* Modules */ = {
			isa = PBXGroup;
			children = (
				F234C8FD2789A92300504FA4 /* Splash */,
				F234C8FC2789A91D00504FA4 /* Login */,
				F234C8F92789A88600504FA4 /* Feed */,
				F234C8FB2789A89400504FA4 /* Write */,
				F234C8FA2789A88A00504FA4 /* Profile */,
			);
			path = Modules;
			sourceTree = "<group>";
		};
		F234C8E627899EFB00504FA4 /* Entities */ = {
			isa = PBXGroup;
			children = (
				F234C8EB2789A02400504FA4 /* Diary.swift */,
				F234C8ED2789A02E00504FA4 /* User.swift */,
				F275B32A2789DBDA00334301 /* Emotion.swift */,
			);
			path = Entities;
			sourceTree = "<group>";
		};
		F234C8EF2789A64900504FA4 /* Repository */ = {
			isa = PBXGroup;
			children = (
				F234C8F02789A67200504FA4 /* Network.swift */,
				F234C9142789B67400504FA4 /* API */,
				F234C9112789B63C00504FA4 /* Plugin */,
			);
			path = Repository;
			sourceTree = "<group>";
		};
		F234C8F22789A7A100504FA4 /* Services */ = {
			isa = PBXGroup;
			children = (
				F275B3282789BD7E00334301 /* EmotionLineService.swift */,
				F234C9062789AE9B00504FA4 /* UserDefaultsService.swift */,
			);
			path = Services;
			sourceTree = "<group>";
		};
		F234C8F92789A88600504FA4 /* Feed */ = {
			isa = PBXGroup;
			children = (
				F234C9102789B4BB00504FA4 /* Sections */,
				F234C9082789B2A200504FA4 /* FeedViewReactor.swift */,
				F234C9092789B2A200504FA4 /* FeedViewController.swift */,
			);
			path = Feed;
			sourceTree = "<group>";
		};
		F234C8FA2789A88A00504FA4 /* Profile */ = {
			isa = PBXGroup;
			children = (
			);
			path = Profile;
			sourceTree = "<group>";
		};
		F234C8FB2789A89400504FA4 /* Write */ = {
			isa = PBXGroup;
			children = (
			);
			path = Write;
			sourceTree = "<group>";
		};
		F234C8FC2789A91D00504FA4 /* Login */ = {
			isa = PBXGroup;
			children = (
				F234C90C2789B44500504FA4 /* LoginViewReactor.swift */,
				F234C90D2789B44500504FA4 /* LoginViewController.swift */,
			);
			path = Login;
			sourceTree = "<group>";
		};
		F234C8FD2789A92300504FA4 /* Splash */ = {
			isa = PBXGroup;
			children = (
				F234C9022789AB3200504FA4 /* SplashViewReactor.swift */,
				F234C9032789AB3200504FA4 /* SplashViewController.swift */,
			);
			path = Splash;
			sourceTree = "<group>";
		};
		F234C9102789B4BB00504FA4 /* Sections */ = {
			isa = PBXGroup;
			children = (
			);
			path = Sections;
			sourceTree = "<group>";
		};
		F234C9112789B63C00504FA4 /* Plugin */ = {
			isa = PBXGroup;
			children = (
				F234C9122789B64E00504FA4 /* RequestLoggingPlugin.swift */,
			);
			path = Plugin;
			sourceTree = "<group>";
		};
		F234C9142789B67400504FA4 /* API */ = {
			isa = PBXGroup;
			children = (
				F275B3262789B6D200334301 /* BaseAPI.swift */,
				F234C9152789B67F00504FA4 /* EmotionLineAPI.swift */,
			);
			path = API;
			sourceTree = "<group>";
		};
		F275B32C2789DC9400334301 /* View */ = {
			isa = PBXGroup;
			children = (
				F275B32D2789DCBE00334301 /* IndicatorView.swift */,
			);
			path = View;
			sourceTree = "<group>";
		};
/* End PBXGroup section */

/* Begin PBXNativeTarget section */
		F234C8CD2789881F00504FA4 /* EmotionLine */ = {
			isa = PBXNativeTarget;
			buildConfigurationList = F234C8E22789882000504FA4 /* Build configuration list for PBXNativeTarget "EmotionLine" */;
			buildPhases = (
				FD5EE90613BCE37F20172AEB /* [CP] Check Pods Manifest.lock */,
				F234C8CA2789881F00504FA4 /* Sources */,
				F234C8CB2789881F00504FA4 /* Frameworks */,
				F234C8CC2789881F00504FA4 /* Resources */,
				EDEDB3DB186527B962D3228A /* [CP] Embed Pods Frameworks */,
			);
			buildRules = (
			);
			dependencies = (
			);
			name = EmotionLine;
			productName = EmotionLine;
			productReference = F234C8CE2789881F00504FA4 /* EmotionLine.app */;
			productType = "com.apple.product-type.application";
		};
/* End PBXNativeTarget section */

/* Begin PBXProject section */
		F234C8C62789881F00504FA4 /* Project object */ = {
			isa = PBXProject;
			attributes = {
				BuildIndependentTargetsInParallel = 1;
				LastSwiftUpdateCheck = 1320;
				LastUpgradeCheck = 1320;
				TargetAttributes = {
					F234C8CD2789881F00504FA4 = {
						CreatedOnToolsVersion = 13.2.1;
					};
				};
			};
			buildConfigurationList = F234C8C92789881F00504FA4 /* Build configuration list for PBXProject "EmotionLine" */;
			compatibilityVersion = "Xcode 13.0";
			developmentRegion = en;
			hasScannedForEncodings = 0;
			knownRegions = (
				en,
				Base,
			);
			mainGroup = F234C8C52789881F00504FA4;
			productRefGroup = F234C8CF2789881F00504FA4 /* Products */;
			projectDirPath = "";
			projectRoot = "";
			targets = (
				F234C8CD2789881F00504FA4 /* EmotionLine */,
			);
		};
/* End PBXProject section */

/* Begin PBXResourcesBuildPhase section */
		F234C8CC2789881F00504FA4 /* Resources */ = {
			isa = PBXResourcesBuildPhase;
			buildActionMask = 2147483647;
			files = (
				F234C8DE2789882000504FA4 /* LaunchScreen.storyboard in Resources */,
				F234C8DB2789882000504FA4 /* Assets.xcassets in Resources */,
			);
			runOnlyForDeploymentPostprocessing = 0;
		};
/* End PBXResourcesBuildPhase section */

/* Begin PBXShellScriptBuildPhase section */
		EDEDB3DB186527B962D3228A /* [CP] Embed Pods Frameworks */ = {
			isa = PBXShellScriptBuildPhase;
			buildActionMask = 2147483647;
			files = (
			);
			inputFileListPaths = (
				"${PODS_ROOT}/Target Support Files/Pods-EmotionLine/Pods-EmotionLine-frameworks-${CONFIGURATION}-input-files.xcfilelist",
			);
			name = "[CP] Embed Pods Frameworks";
			outputFileListPaths = (
				"${PODS_ROOT}/Target Support Files/Pods-EmotionLine/Pods-EmotionLine-frameworks-${CONFIGURATION}-output-files.xcfilelist",
			);
			runOnlyForDeploymentPostprocessing = 0;
			shellPath = /bin/sh;
			shellScript = "\"${PODS_ROOT}/Target Support Files/Pods-EmotionLine/Pods-EmotionLine-frameworks.sh\"\n";
			showEnvVarsInLog = 0;
		};
		FD5EE90613BCE37F20172AEB /* [CP] Check Pods Manifest.lock */ = {
			isa = PBXShellScriptBuildPhase;
			buildActionMask = 2147483647;
			files = (
			);
			inputFileListPaths = (
			);
			inputPaths = (
				"${PODS_PODFILE_DIR_PATH}/Podfile.lock",
				"${PODS_ROOT}/Manifest.lock",
			);
			name = "[CP] Check Pods Manifest.lock";
			outputFileListPaths = (
			);
			outputPaths = (
				"$(DERIVED_FILE_DIR)/Pods-EmotionLine-checkManifestLockResult.txt",
			);
			runOnlyForDeploymentPostprocessing = 0;
			shellPath = /bin/sh;
			shellScript = "diff \"${PODS_PODFILE_DIR_PATH}/Podfile.lock\" \"${PODS_ROOT}/Manifest.lock\" > /dev/null\nif [ $? != 0 ] ; then\n    # print error to STDERR\n    echo \"error: The sandbox is not in sync with the Podfile.lock. Run 'pod install' or update your CocoaPods installation.\" >&2\n    exit 1\nfi\n# This output is used by Xcode 'outputs' to avoid re-running this script phase.\necho \"SUCCESS\" > \"${SCRIPT_OUTPUT_FILE_0}\"\n";
			showEnvVarsInLog = 0;
		};
/* End PBXShellScriptBuildPhase section */

/* Begin PBXSourcesBuildPhase section */
		F234C8CA2789881F00504FA4 /* Sources */ = {
			isa = PBXSourcesBuildPhase;
			buildActionMask = 2147483647;
			files = (
				F275B3292789BD7E00334301 /* EmotionLineService.swift in Sources */,
				F234C8D22789881F00504FA4 /* AppDelegate.swift in Sources */,
				F234C8EC2789A02400504FA4 /* Diary.swift in Sources */,
				F234C9042789AB3200504FA4 /* SplashViewReactor.swift in Sources */,
				F275B32E2789DCBE00334301 /* IndicatorView.swift in Sources */,
				F275B3272789B6D200334301 /* BaseAPI.swift in Sources */,
				F234C90F2789B44500504FA4 /* LoginViewController.swift in Sources */,
				F234C9052789AB3200504FA4 /* SplashViewController.swift in Sources */,
				F275B32B2789DBDA00334301 /* Emotion.swift in Sources */,
				F234C9072789AE9B00504FA4 /* UserDefaultsService.swift in Sources */,
				F234C8EE2789A02E00504FA4 /* User.swift in Sources */,
				F234C8F12789A67200504FA4 /* Network.swift in Sources */,
				F234C90A2789B2A200504FA4 /* FeedViewReactor.swift in Sources */,
				F234C8D42789881F00504FA4 /* SceneDelegate.swift in Sources */,
				F234C90B2789B2A200504FA4 /* FeedViewController.swift in Sources */,
				F234C9162789B67F00504FA4 /* EmotionLineAPI.swift in Sources */,
				F234C90E2789B44500504FA4 /* LoginViewReactor.swift in Sources */,
				F234C9132789B64E00504FA4 /* RequestLoggingPlugin.swift in Sources */,
			);
			runOnlyForDeploymentPostprocessing = 0;
		};
/* End PBXSourcesBuildPhase section */

/* Begin PBXVariantGroup section */
		F234C8DC2789882000504FA4 /* LaunchScreen.storyboard */ = {
			isa = PBXVariantGroup;
			children = (
				F234C8DD2789882000504FA4 /* Base */,
			);
			name = LaunchScreen.storyboard;
			sourceTree = "<group>";
		};
/* End PBXVariantGroup section */

/* Begin XCBuildConfiguration section */
		F234C8E02789882000504FA4 /* Debug */ = {
			isa = XCBuildConfiguration;
			buildSettings = {
				ALWAYS_SEARCH_USER_PATHS = NO;
				CLANG_ANALYZER_NONNULL = YES;
				CLANG_ANALYZER_NUMBER_OBJECT_CONVERSION = YES_AGGRESSIVE;
				CLANG_CXX_LANGUAGE_STANDARD = "gnu++17";
				CLANG_CXX_LIBRARY = "libc++";
				CLANG_ENABLE_MODULES = YES;
				CLANG_ENABLE_OBJC_ARC = YES;
				CLANG_ENABLE_OBJC_WEAK = YES;
				CLANG_WARN_BLOCK_CAPTURE_AUTORELEASING = YES;
				CLANG_WARN_BOOL_CONVERSION = YES;
				CLANG_WARN_COMMA = YES;
				CLANG_WARN_CONSTANT_CONVERSION = YES;
				CLANG_WARN_DEPRECATED_OBJC_IMPLEMENTATIONS = YES;
				CLANG_WARN_DIRECT_OBJC_ISA_USAGE = YES_ERROR;
				CLANG_WARN_DOCUMENTATION_COMMENTS = YES;
				CLANG_WARN_EMPTY_BODY = YES;
				CLANG_WARN_ENUM_CONVERSION = YES;
				CLANG_WARN_INFINITE_RECURSION = YES;
				CLANG_WARN_INT_CONVERSION = YES;
				CLANG_WARN_NON_LITERAL_NULL_CONVERSION = YES;
				CLANG_WARN_OBJC_IMPLICIT_RETAIN_SELF = YES;
				CLANG_WARN_OBJC_LITERAL_CONVERSION = YES;
				CLANG_WARN_OBJC_ROOT_CLASS = YES_ERROR;
				CLANG_WARN_QUOTED_INCLUDE_IN_FRAMEWORK_HEADER = YES;
				CLANG_WARN_RANGE_LOOP_ANALYSIS = YES;
				CLANG_WARN_STRICT_PROTOTYPES = YES;
				CLANG_WARN_SUSPICIOUS_MOVE = YES;
				CLANG_WARN_UNGUARDED_AVAILABILITY = YES_AGGRESSIVE;
				CLANG_WARN_UNREACHABLE_CODE = YES;
				CLANG_WARN__DUPLICATE_METHOD_MATCH = YES;
				COPY_PHASE_STRIP = NO;
				DEBUG_INFORMATION_FORMAT = dwarf;
				ENABLE_STRICT_OBJC_MSGSEND = YES;
				ENABLE_TESTABILITY = YES;
				GCC_C_LANGUAGE_STANDARD = gnu11;
				GCC_DYNAMIC_NO_PIC = NO;
				GCC_NO_COMMON_BLOCKS = YES;
				GCC_OPTIMIZATION_LEVEL = 0;
				GCC_PREPROCESSOR_DEFINITIONS = (
					"DEBUG=1",
					"$(inherited)",
				);
				GCC_WARN_64_TO_32_BIT_CONVERSION = YES;
				GCC_WARN_ABOUT_RETURN_TYPE = YES_ERROR;
				GCC_WARN_UNDECLARED_SELECTOR = YES;
				GCC_WARN_UNINITIALIZED_AUTOS = YES_AGGRESSIVE;
				GCC_WARN_UNUSED_FUNCTION = YES;
				GCC_WARN_UNUSED_VARIABLE = YES;
				IPHONEOS_DEPLOYMENT_TARGET = 15.2;
				MTL_ENABLE_DEBUG_INFO = INCLUDE_SOURCE;
				MTL_FAST_MATH = YES;
				ONLY_ACTIVE_ARCH = YES;
				SDKROOT = iphoneos;
				SWIFT_ACTIVE_COMPILATION_CONDITIONS = DEBUG;
				SWIFT_OPTIMIZATION_LEVEL = "-Onone";
			};
			name = Debug;
		};
		F234C8E12789882000504FA4 /* Release */ = {
			isa = XCBuildConfiguration;
			buildSettings = {
				ALWAYS_SEARCH_USER_PATHS = NO;
				CLANG_ANALYZER_NONNULL = YES;
				CLANG_ANALYZER_NUMBER_OBJECT_CONVERSION = YES_AGGRESSIVE;
				CLANG_CXX_LANGUAGE_STANDARD = "gnu++17";
				CLANG_CXX_LIBRARY = "libc++";
				CLANG_ENABLE_MODULES = YES;
				CLANG_ENABLE_OBJC_ARC = YES;
				CLANG_ENABLE_OBJC_WEAK = YES;
				CLANG_WARN_BLOCK_CAPTURE_AUTORELEASING = YES;
				CLANG_WARN_BOOL_CONVERSION = YES;
				CLANG_WARN_COMMA = YES;
				CLANG_WARN_CONSTANT_CONVERSION = YES;
				CLANG_WARN_DEPRECATED_OBJC_IMPLEMENTATIONS = YES;
				CLANG_WARN_DIRECT_OBJC_ISA_USAGE = YES_ERROR;
				CLANG_WARN_DOCUMENTATION_COMMENTS = YES;
				CLANG_WARN_EMPTY_BODY = YES;
				CLANG_WARN_ENUM_CONVERSION = YES;
				CLANG_WARN_INFINITE_RECURSION = YES;
				CLANG_WARN_INT_CONVERSION = YES;
				CLANG_WARN_NON_LITERAL_NULL_CONVERSION = YES;
				CLANG_WARN_OBJC_IMPLICIT_RETAIN_SELF = YES;
				CLANG_WARN_OBJC_LITERAL_CONVERSION = YES;
				CLANG_WARN_OBJC_ROOT_CLASS = YES_ERROR;
				CLANG_WARN_QUOTED_INCLUDE_IN_FRAMEWORK_HEADER = YES;
				CLANG_WARN_RANGE_LOOP_ANALYSIS = YES;
				CLANG_WARN_STRICT_PROTOTYPES = YES;
				CLANG_WARN_SUSPICIOUS_MOVE = YES;
				CLANG_WARN_UNGUARDED_AVAILABILITY = YES_AGGRESSIVE;
				CLANG_WARN_UNREACHABLE_CODE = YES;
				CLANG_WARN__DUPLICATE_METHOD_MATCH = YES;
				COPY_PHASE_STRIP = NO;
				DEBUG_INFORMATION_FORMAT = "dwarf-with-dsym";
				ENABLE_NS_ASSERTIONS = NO;
				ENABLE_STRICT_OBJC_MSGSEND = YES;
				GCC_C_LANGUAGE_STANDARD = gnu11;
				GCC_NO_COMMON_BLOCKS = YES;
				GCC_WARN_64_TO_32_BIT_CONVERSION = YES;
				GCC_WARN_ABOUT_RETURN_TYPE = YES_ERROR;
				GCC_WARN_UNDECLARED_SELECTOR = YES;
				GCC_WARN_UNINITIALIZED_AUTOS = YES_AGGRESSIVE;
				GCC_WARN_UNUSED_FUNCTION = YES;
				GCC_WARN_UNUSED_VARIABLE = YES;
				IPHONEOS_DEPLOYMENT_TARGET = 15.2;
				MTL_ENABLE_DEBUG_INFO = NO;
				MTL_FAST_MATH = YES;
				SDKROOT = iphoneos;
				SWIFT_COMPILATION_MODE = wholemodule;
				SWIFT_OPTIMIZATION_LEVEL = "-O";
				VALIDATE_PRODUCT = YES;
			};
			name = Release;
		};
		F234C8E32789882000504FA4 /* Debug */ = {
			isa = XCBuildConfiguration;
			baseConfigurationReference = 0F111E59EB89F52513106A04 /* Pods-EmotionLine.debug.xcconfig */;
			buildSettings = {
				ASSETCATALOG_COMPILER_APPICON_NAME = AppIcon;
				ASSETCATALOG_COMPILER_GLOBAL_ACCENT_COLOR_NAME = AccentColor;
				CODE_SIGN_STYLE = Automatic;
				CURRENT_PROJECT_VERSION = 1;
				DEVELOPMENT_TEAM = 75FNRKTJ9S;
				GENERATE_INFOPLIST_FILE = YES;
				INFOPLIST_FILE = EmotionLine/Info.plist;
				INFOPLIST_KEY_UIApplicationSupportsIndirectInputEvents = YES;
				INFOPLIST_KEY_UILaunchStoryboardName = LaunchScreen;
				INFOPLIST_KEY_UISupportedInterfaceOrientations_iPad = "UIInterfaceOrientationPortrait UIInterfaceOrientationPortraitUpsideDown UIInterfaceOrientationLandscapeLeft UIInterfaceOrientationLandscapeRight";
				INFOPLIST_KEY_UISupportedInterfaceOrientations_iPhone = "UIInterfaceOrientationPortrait UIInterfaceOrientationLandscapeLeft UIInterfaceOrientationLandscapeRight";
				LD_RUNPATH_SEARCH_PATHS = (
					"$(inherited)",
					"@executable_path/Frameworks",
				);
				MARKETING_VERSION = 1.0;
				PRODUCT_BUNDLE_IDENTIFIER = com.nolleowass.emotionline.EmotionLine;
				PRODUCT_NAME = "$(TARGET_NAME)";
				SWIFT_EMIT_LOC_STRINGS = YES;
				SWIFT_VERSION = 5.0;
				TARGETED_DEVICE_FAMILY = "1,2";
			};
			name = Debug;
		};
		F234C8E42789882000504FA4 /* Release */ = {
			isa = XCBuildConfiguration;
			baseConfigurationReference = A42B4BAAD913FB6A740CC09D /* Pods-EmotionLine.release.xcconfig */;
			buildSettings = {
				ASSETCATALOG_COMPILER_APPICON_NAME = AppIcon;
				ASSETCATALOG_COMPILER_GLOBAL_ACCENT_COLOR_NAME = AccentColor;
				CODE_SIGN_STYLE = Automatic;
				CURRENT_PROJECT_VERSION = 1;
				DEVELOPMENT_TEAM = 75FNRKTJ9S;
				GENERATE_INFOPLIST_FILE = YES;
				INFOPLIST_FILE = EmotionLine/Info.plist;
				INFOPLIST_KEY_UIApplicationSupportsIndirectInputEvents = YES;
				INFOPLIST_KEY_UILaunchStoryboardName = LaunchScreen;
				INFOPLIST_KEY_UISupportedInterfaceOrientations_iPad = "UIInterfaceOrientationPortrait UIInterfaceOrientationPortraitUpsideDown UIInterfaceOrientationLandscapeLeft UIInterfaceOrientationLandscapeRight";
				INFOPLIST_KEY_UISupportedInterfaceOrientations_iPhone = "UIInterfaceOrientationPortrait UIInterfaceOrientationLandscapeLeft UIInterfaceOrientationLandscapeRight";
				LD_RUNPATH_SEARCH_PATHS = (
					"$(inherited)",
					"@executable_path/Frameworks",
				);
				MARKETING_VERSION = 1.0;
				PRODUCT_BUNDLE_IDENTIFIER = com.nolleowass.emotionline.EmotionLine;
				PRODUCT_NAME = "$(TARGET_NAME)";
				SWIFT_EMIT_LOC_STRINGS = YES;
				SWIFT_VERSION = 5.0;
				TARGETED_DEVICE_FAMILY = "1,2";
			};
			name = Release;
		};
/* End XCBuildConfiguration section */

/* Begin XCConfigurationList section */
		F234C8C92789881F00504FA4 /* Build configuration list for PBXProject "EmotionLine" */ = {
			isa = XCConfigurationList;
			buildConfigurations = (
				F234C8E02789882000504FA4 /* Debug */,
				F234C8E12789882000504FA4 /* Release */,
			);
			defaultConfigurationIsVisible = 0;
			defaultConfigurationName = Release;
		};
		F234C8E22789882000504FA4 /* Build configuration list for PBXNativeTarget "EmotionLine" */ = {
			isa = XCConfigurationList;
			buildConfigurations = (
				F234C8E32789882000504FA4 /* Debug */,
				F234C8E42789882000504FA4 /* Release */,
			);
			defaultConfigurationIsVisible = 0;
			defaultConfigurationName = Release;
		};
/* End XCConfigurationList section */
	};
	rootObject = F234C8C62789881F00504FA4 /* Project object */;
}
